// !$*UTF8*$!
{
	archiveVersion = 1;
	classes = {
	};
	objectVersion = 48;
	objects = {

/* Begin PBXBuildFile section */
		7D3424891F0C672A00A60531 /* AppDelegate.swift in Sources */ = {isa = PBXBuildFile; fileRef = 7D3424881F0C672A00A60531 /* AppDelegate.swift */; };
		7D34248B1F0C672A00A60531 /* ViewController.swift in Sources */ = {isa = PBXBuildFile; fileRef = 7D34248A1F0C672A00A60531 /* ViewController.swift */; };
		7D34248E1F0C672A00A60531 /* Main.storyboard in Resources */ = {isa = PBXBuildFile; fileRef = 7D34248C1F0C672A00A60531 /* Main.storyboard */; };
		7D3424901F0C672A00A60531 /* Assets.xcassets in Resources */ = {isa = PBXBuildFile; fileRef = 7D34248F1F0C672A00A60531 /* Assets.xcassets */; };
		7D3424931F0C672A00A60531 /* LaunchScreen.storyboard in Resources */ = {isa = PBXBuildFile; fileRef = 7D3424911F0C672A00A60531 /* LaunchScreen.storyboard */; };
		7D34249E1F0C672A00A60531 /* TNHTimerTests.swift in Sources */ = {isa = PBXBuildFile; fileRef = 7D34249D1F0C672A00A60531 /* TNHTimerTests.swift */; };
		7D3424A91F0C672A00A60531 /* TNHTimerUITests.swift in Sources */ = {isa = PBXBuildFile; fileRef = 7D3424A81F0C672A00A60531 /* TNHTimerUITests.swift */; };
		7D60E1A920D743B200957304 /* Bullets.rtf in Resources */ = {isa = PBXBuildFile; fileRef = 7D60E1A820D743B200957304 /* Bullets.rtf */; };
		7D60E1AD20D7447A00957304 /* StringUtilities.swift in Sources */ = {isa = PBXBuildFile; fileRef = 7D60E1AC20D7447A00957304 /* StringUtilities.swift */; };
		7D60E1AF20D747D800957304 /* Unschedule.rtf in Resources */ = {isa = PBXBuildFile; fileRef = 7D60E1AE20D747D800957304 /* Unschedule.rtf */; };
		7D60E1B120D7491100957304 /* UnscheduleViewController.swift in Sources */ = {isa = PBXBuildFile; fileRef = 7D60E1B020D7491100957304 /* UnscheduleViewController.swift */; };
/* End PBXBuildFile section */

/* Begin PBXContainerItemProxy section */
		7D34249A1F0C672A00A60531 /* PBXContainerItemProxy */ = {
			isa = PBXContainerItemProxy;
			containerPortal = 7D34247D1F0C672A00A60531 /* Project object */;
			proxyType = 1;
			remoteGlobalIDString = 7D3424841F0C672A00A60531;
			remoteInfo = TNHTimer;
		};
		7D3424A51F0C672A00A60531 /* PBXContainerItemProxy */ = {
			isa = PBXContainerItemProxy;
			containerPortal = 7D34247D1F0C672A00A60531 /* Project object */;
			proxyType = 1;
			remoteGlobalIDString = 7D3424841F0C672A00A60531;
			remoteInfo = TNHTimer;
		};
/* End PBXContainerItemProxy section */

/* Begin PBXFileReference section */
		7D3424851F0C672A00A60531 /* TNHTimer.app */ = {isa = PBXFileReference; explicitFileType = wrapper.application; includeInIndex = 0; path = TNHTimer.app; sourceTree = BUILT_PRODUCTS_DIR; };
		7D3424881F0C672A00A60531 /* AppDelegate.swift */ = {isa = PBXFileReference; lastKnownFileType = sourcecode.swift; path = AppDelegate.swift; sourceTree = "<group>"; };
		7D34248A1F0C672A00A60531 /* ViewController.swift */ = {isa = PBXFileReference; lastKnownFileType = sourcecode.swift; path = ViewController.swift; sourceTree = "<group>"; };
		7D34248D1F0C672A00A60531 /* Base */ = {isa = PBXFileReference; lastKnownFileType = file.storyboard; name = Base; path = Base.lproj/Main.storyboard; sourceTree = "<group>"; };
		7D34248F1F0C672A00A60531 /* Assets.xcassets */ = {isa = PBXFileReference; lastKnownFileType = folder.assetcatalog; path = Assets.xcassets; sourceTree = "<group>"; };
		7D3424921F0C672A00A60531 /* Base */ = {isa = PBXFileReference; lastKnownFileType = file.storyboard; name = Base; path = Base.lproj/LaunchScreen.storyboard; sourceTree = "<group>"; };
		7D3424941F0C672A00A60531 /* Info.plist */ = {isa = PBXFileReference; lastKnownFileType = text.plist.xml; path = Info.plist; sourceTree = "<group>"; };
		7D3424991F0C672A00A60531 /* TNHTimerTests.xctest */ = {isa = PBXFileReference; explicitFileType = wrapper.cfbundle; includeInIndex = 0; path = TNHTimerTests.xctest; sourceTree = BUILT_PRODUCTS_DIR; };
		7D34249D1F0C672A00A60531 /* TNHTimerTests.swift */ = {isa = PBXFileReference; lastKnownFileType = sourcecode.swift; path = TNHTimerTests.swift; sourceTree = "<group>"; };
		7D34249F1F0C672A00A60531 /* Info.plist */ = {isa = PBXFileReference; lastKnownFileType = text.plist.xml; path = Info.plist; sourceTree = "<group>"; };
		7D3424A41F0C672A00A60531 /* TNHTimerUITests.xctest */ = {isa = PBXFileReference; explicitFileType = wrapper.cfbundle; includeInIndex = 0; path = TNHTimerUITests.xctest; sourceTree = BUILT_PRODUCTS_DIR; };
		7D3424A81F0C672A00A60531 /* TNHTimerUITests.swift */ = {isa = PBXFileReference; lastKnownFileType = sourcecode.swift; path = TNHTimerUITests.swift; sourceTree = "<group>"; };
		7D3424AA1F0C672A00A60531 /* Info.plist */ = {isa = PBXFileReference; lastKnownFileType = text.plist.xml; path = Info.plist; sourceTree = "<group>"; };
		7D60E1A820D743B200957304 /* Bullets.rtf */ = {isa = PBXFileReference; fileEncoding = 4; lastKnownFileType = text.rtf; name = Bullets.rtf; path = assets/Bullets.rtf; sourceTree = SOURCE_ROOT; };
		7D60E1AC20D7447A00957304 /* StringUtilities.swift */ = {isa = PBXFileReference; fileEncoding = 4; lastKnownFileType = sourcecode.swift; path = StringUtilities.swift; sourceTree = "<group>"; };
		7D60E1AE20D747D800957304 /* Unschedule.rtf */ = {isa = PBXFileReference; fileEncoding = 4; lastKnownFileType = text.rtf; name = Unschedule.rtf; path = assets/Unschedule.rtf; sourceTree = SOURCE_ROOT; };
		7D60E1B020D7491100957304 /* UnscheduleViewController.swift */ = {isa = PBXFileReference; fileEncoding = 4; lastKnownFileType = sourcecode.swift; path = UnscheduleViewController.swift; sourceTree = "<group>"; };
/* End PBXFileReference section */

/* Begin PBXFrameworksBuildPhase section */
		7D3424821F0C672A00A60531 /* Frameworks */ = {
			isa = PBXFrameworksBuildPhase;
			buildActionMask = 2147483647;
			files = (
			);
			runOnlyForDeploymentPostprocessing = 0;
		};
		7D3424961F0C672A00A60531 /* Frameworks */ = {
			isa = PBXFrameworksBuildPhase;
			buildActionMask = 2147483647;
			files = (
			);
			runOnlyForDeploymentPostprocessing = 0;
		};
		7D3424A11F0C672A00A60531 /* Frameworks */ = {
			isa = PBXFrameworksBuildPhase;
			buildActionMask = 2147483647;
			files = (
			);
			runOnlyForDeploymentPostprocessing = 0;
		};
/* End PBXFrameworksBuildPhase section */

/* Begin PBXGroup section */
		7D34247C1F0C672A00A60531 = {
			isa = PBXGroup;
			children = (
				7D3424871F0C672A00A60531 /* TNHTimer */,
				7D34249C1F0C672A00A60531 /* TNHTimerTests */,
				7D3424A71F0C672A00A60531 /* TNHTimerUITests */,
				7D3424861F0C672A00A60531 /* Products */,
			);
			sourceTree = "<group>";
		};
		7D3424861F0C672A00A60531 /* Products */ = {
			isa = PBXGroup;
			children = (
				7D3424851F0C672A00A60531 /* TNHTimer.app */,
				7D3424991F0C672A00A60531 /* TNHTimerTests.xctest */,
				7D3424A41F0C672A00A60531 /* TNHTimerUITests.xctest */,
			);
			name = Products;
			sourceTree = "<group>";
		};
		7D3424871F0C672A00A60531 /* TNHTimer */ = {
			isa = PBXGroup;
			children = (
				7D60E1A820D743B200957304 /* Bullets.rtf */,
				7D60E1AE20D747D800957304 /* Unschedule.rtf */,
				7D3424881F0C672A00A60531 /* AppDelegate.swift */,
				7D34248A1F0C672A00A60531 /* ViewController.swift */,
				7D60E1B020D7491100957304 /* UnscheduleViewController.swift */,
				7D34248C1F0C672A00A60531 /* Main.storyboard */,
				7D34248F1F0C672A00A60531 /* Assets.xcassets */,
				7D3424911F0C672A00A60531 /* LaunchScreen.storyboard */,
				7D3424941F0C672A00A60531 /* Info.plist */,
				7D60E1AC20D7447A00957304 /* StringUtilities.swift */,
			);
			path = TNHTimer;
			sourceTree = "<group>";
		};
		7D34249C1F0C672A00A60531 /* TNHTimerTests */ = {
			isa = PBXGroup;
			children = (
				7D34249D1F0C672A00A60531 /* TNHTimerTests.swift */,
				7D34249F1F0C672A00A60531 /* Info.plist */,
			);
			path = TNHTimerTests;
			sourceTree = "<group>";
		};
		7D3424A71F0C672A00A60531 /* TNHTimerUITests */ = {
			isa = PBXGroup;
			children = (
				7D3424A81F0C672A00A60531 /* TNHTimerUITests.swift */,
				7D3424AA1F0C672A00A60531 /* Info.plist */,
			);
			path = TNHTimerUITests;
			sourceTree = "<group>";
		};
/* End PBXGroup section */

/* Begin PBXNativeTarget section */
		7D3424841F0C672A00A60531 /* TNHTimer */ = {
			isa = PBXNativeTarget;
			buildConfigurationList = 7D3424AD1F0C672A00A60531 /* Build configuration list for PBXNativeTarget "TNHTimer" */;
			buildPhases = (
				7D3424811F0C672A00A60531 /* Sources */,
				7D3424821F0C672A00A60531 /* Frameworks */,
				7D3424831F0C672A00A60531 /* Resources */,
			);
			buildRules = (
			);
			dependencies = (
			);
			name = TNHTimer;
			productName = TNHTimer;
			productReference = 7D3424851F0C672A00A60531 /* TNHTimer.app */;
			productType = "com.apple.product-type.application";
		};
		7D3424981F0C672A00A60531 /* TNHTimerTests */ = {
			isa = PBXNativeTarget;
			buildConfigurationList = 7D3424B01F0C672A00A60531 /* Build configuration list for PBXNativeTarget "TNHTimerTests" */;
			buildPhases = (
				7D3424951F0C672A00A60531 /* Sources */,
				7D3424961F0C672A00A60531 /* Frameworks */,
				7D3424971F0C672A00A60531 /* Resources */,
			);
			buildRules = (
			);
			dependencies = (
				7D34249B1F0C672A00A60531 /* PBXTargetDependency */,
			);
			name = TNHTimerTests;
			productName = TNHTimerTests;
			productReference = 7D3424991F0C672A00A60531 /* TNHTimerTests.xctest */;
			productType = "com.apple.product-type.bundle.unit-test";
		};
		7D3424A31F0C672A00A60531 /* TNHTimerUITests */ = {
			isa = PBXNativeTarget;
			buildConfigurationList = 7D3424B31F0C672A00A60531 /* Build configuration list for PBXNativeTarget "TNHTimerUITests" */;
			buildPhases = (
				7D3424A01F0C672A00A60531 /* Sources */,
				7D3424A11F0C672A00A60531 /* Frameworks */,
				7D3424A21F0C672A00A60531 /* Resources */,
			);
			buildRules = (
			);
			dependencies = (
				7D3424A61F0C672A00A60531 /* PBXTargetDependency */,
			);
			name = TNHTimerUITests;
			productName = TNHTimerUITests;
			productReference = 7D3424A41F0C672A00A60531 /* TNHTimerUITests.xctest */;
			productType = "com.apple.product-type.bundle.ui-testing";
		};
/* End PBXNativeTarget section */

/* Begin PBXProject section */
		7D34247D1F0C672A00A60531 /* Project object */ = {
			isa = PBXProject;
			attributes = {
				LastSwiftUpdateCheck = 0900;
				LastUpgradeCheck = 0900;
				ORGANIZATIONNAME = Borkware;
				TargetAttributes = {
					7D3424841F0C672A00A60531 = {
						CreatedOnToolsVersion = 9.0;
					};
					7D3424981F0C672A00A60531 = {
						CreatedOnToolsVersion = 9.0;
						TestTargetID = 7D3424841F0C672A00A60531;
					};
					7D3424A31F0C672A00A60531 = {
						CreatedOnToolsVersion = 9.0;
						TestTargetID = 7D3424841F0C672A00A60531;
					};
				};
			};
			buildConfigurationList = 7D3424801F0C672A00A60531 /* Build configuration list for PBXProject "TNHTimer" */;
			compatibilityVersion = "Xcode 8.0";
			developmentRegion = en;
			hasScannedForEncodings = 0;
			knownRegions = (
				en,
				Base,
			);
			mainGroup = 7D34247C1F0C672A00A60531;
			productRefGroup = 7D3424861F0C672A00A60531 /* Products */;
			projectDirPath = "";
			projectRoot = "";
			targets = (
				7D3424841F0C672A00A60531 /* TNHTimer */,
				7D3424981F0C672A00A60531 /* TNHTimerTests */,
				7D3424A31F0C672A00A60531 /* TNHTimerUITests */,
			);
		};
/* End PBXProject section */

/* Begin PBXResourcesBuildPhase section */
		7D3424831F0C672A00A60531 /* Resources */ = {
			isa = PBXResourcesBuildPhase;
			buildActionMask = 2147483647;
			files = (
				7D60E1AF20D747D800957304 /* Unschedule.rtf in Resources */,
				7D60E1A920D743B200957304 /* Bullets.rtf in Resources */,
				7D3424931F0C672A00A60531 /* LaunchScreen.storyboard in Resources */,
				7D3424901F0C672A00A60531 /* Assets.xcassets in Resources */,
				7D34248E1F0C672A00A60531 /* Main.storyboard in Resources */,
			);
			runOnlyForDeploymentPostprocessing = 0;
		};
		7D3424971F0C672A00A60531 /* Resources */ = {
			isa = PBXResourcesBuildPhase;
			buildActionMask = 2147483647;
			files = (
			);
			runOnlyForDeploymentPostprocessing = 0;
		};
		7D3424A21F0C672A00A60531 /* Resources */ = {
			isa = PBXResourcesBuildPhase;
			buildActionMask = 2147483647;
			files = (
			);
			runOnlyForDeploymentPostprocessing = 0;
		};
/* End PBXResourcesBuildPhase section */

/* Begin PBXSourcesBuildPhase section */
		7D3424811F0C672A00A60531 /* Sources */ = {
			isa = PBXSourcesBuildPhase;
			buildActionMask = 2147483647;
			files = (
				7D60E1B120D7491100957304 /* UnscheduleViewController.swift in Sources */,
				7D34248B1F0C672A00A60531 /* ViewController.swift in Sources */,
				7D60E1AD20D7447A00957304 /* StringUtilities.swift in Sources */,
				7D3424891F0C672A00A60531 /* AppDelegate.swift in Sources */,
			);
			runOnlyForDeploymentPostprocessing = 0;
		};
		7D3424951F0C672A00A60531 /* Sources */ = {
			isa = PBXSourcesBuildPhase;
			buildActionMask = 2147483647;
			files = (
				7D34249E1F0C672A00A60531 /* TNHTimerTests.swift in Sources */,
			);
			runOnlyForDeploymentPostprocessing = 0;
		};
		7D3424A01F0C672A00A60531 /* Sources */ = {
			isa = PBXSourcesBuildPhase;
			buildActionMask = 2147483647;
			files = (
				7D3424A91F0C672A00A60531 /* TNHTimerUITests.swift in Sources */,
			);
			runOnlyForDeploymentPostprocessing = 0;
		};
/* End PBXSourcesBuildPhase section */

/* Begin PBXTargetDependency section */
		7D34249B1F0C672A00A60531 /* PBXTargetDependency */ = {
			isa = PBXTargetDependency;
			target = 7D3424841F0C672A00A60531 /* TNHTimer */;
			targetProxy = 7D34249A1F0C672A00A60531 /* PBXContainerItemProxy */;
		};
		7D3424A61F0C672A00A60531 /* PBXTargetDependency */ = {
			isa = PBXTargetDependency;
			target = 7D3424841F0C672A00A60531 /* TNHTimer */;
			targetProxy = 7D3424A51F0C672A00A60531 /* PBXContainerItemProxy */;
		};
/* End PBXTargetDependency section */

/* Begin PBXVariantGroup section */
		7D34248C1F0C672A00A60531 /* Main.storyboard */ = {
			isa = PBXVariantGroup;
			children = (
				7D34248D1F0C672A00A60531 /* Base */,
			);
			name = Main.storyboard;
			sourceTree = "<group>";
		};
		7D3424911F0C672A00A60531 /* LaunchScreen.storyboard */ = {
			isa = PBXVariantGroup;
			children = (
				7D3424921F0C672A00A60531 /* Base */,
			);
			name = LaunchScreen.storyboard;
			sourceTree = "<group>";
		};
/* End PBXVariantGroup section */

/* Begin XCBuildConfiguration section */
		7D3424AB1F0C672A00A60531 /* Debug */ = {
			isa = XCBuildConfiguration;
			buildSettings = {
				ALWAYS_SEARCH_USER_PATHS = NO;
				CLANG_ANALYZER_NONNULL = YES;
				CLANG_ANALYZER_NUMBER_OBJECT_CONVERSION = YES_AGGRESSIVE;
				CLANG_CXX_LANGUAGE_STANDARD = "gnu++14";
				CLANG_CXX_LIBRARY = "libc++";
				CLANG_ENABLE_MODULES = YES;
				CLANG_ENABLE_OBJC_ARC = YES;
				CLANG_WARN_BLOCK_CAPTURE_AUTORELEASING = YES;
				CLANG_WARN_BOOL_CONVERSION = YES;
				CLANG_WARN_COMMA = YES;
				CLANG_WARN_CONSTANT_CONVERSION = YES;
				CLANG_WARN_DIRECT_OBJC_ISA_USAGE = YES_ERROR;
				CLANG_WARN_DOCUMENTATION_COMMENTS = YES;
				CLANG_WARN_EMPTY_BODY = YES;
				CLANG_WARN_ENUM_CONVERSION = YES;
				CLANG_WARN_INFINITE_RECURSION = YES;
				CLANG_WARN_INT_CONVERSION = YES;
				CLANG_WARN_OBJC_ROOT_CLASS = YES_ERROR;
				CLANG_WARN_RANGE_LOOP_ANALYSIS = YES;
				CLANG_WARN_STRICT_PROTOTYPES = YES;
				CLANG_WARN_SUSPICIOUS_MOVE = YES;
				CLANG_WARN_UNGUARDED_AVAILABILITY = YES_AGGRESSIVE;
				CLANG_WARN_UNREACHABLE_CODE = YES;
				CLANG_WARN__DUPLICATE_METHOD_MATCH = YES;
				CODE_SIGN_IDENTITY = "iPhone Developer";
				COPY_PHASE_STRIP = NO;
				DEBUG_INFORMATION_FORMAT = dwarf;
				ENABLE_STRICT_OBJC_MSGSEND = YES;
				ENABLE_TESTABILITY = YES;
				GCC_C_LANGUAGE_STANDARD = gnu11;
				GCC_DYNAMIC_NO_PIC = NO;
				GCC_NO_COMMON_BLOCKS = YES;
				GCC_OPTIMIZATION_LEVEL = 0;
				GCC_PREPROCESSOR_DEFINITIONS = (
					"DEBUG=1",
					"$(inherited)",
				);
				GCC_WARN_64_TO_32_BIT_CONVERSION = YES;
				GCC_WARN_ABOUT_RETURN_TYPE = YES_ERROR;
				GCC_WARN_UNDECLARED_SELECTOR = YES;
				GCC_WARN_UNINITIALIZED_AUTOS = YES_AGGRESSIVE;
				GCC_WARN_UNUSED_FUNCTION = YES;
				GCC_WARN_UNUSED_VARIABLE = YES;
				IPHONEOS_DEPLOYMENT_TARGET = 11.0;
				MTL_ENABLE_DEBUG_INFO = YES;
				ONLY_ACTIVE_ARCH = YES;
				SDKROOT = iphoneos;
				SWIFT_ACTIVE_COMPILATION_CONDITIONS = DEBUG;
				SWIFT_OPTIMIZATION_LEVEL = "-Onone";
			};
			name = Debug;
		};
		7D3424AC1F0C672A00A60531 /* Release */ = {
			isa = XCBuildConfiguration;
			buildSettings = {
				ALWAYS_SEARCH_USER_PATHS = NO;
				CLANG_ANALYZER_NONNULL = YES;
				CLANG_ANALYZER_NUMBER_OBJECT_CONVERSION = YES_AGGRESSIVE;
				CLANG_CXX_LANGUAGE_STANDARD = "gnu++14";
				CLANG_CXX_LIBRARY = "libc++";
				CLANG_ENABLE_MODULES = YES;
				CLANG_ENABLE_OBJC_ARC = YES;
				CLANG_WARN_BLOCK_CAPTURE_AUTORELEASING = YES;
				CLANG_WARN_BOOL_CONVERSION = YES;
				CLANG_WARN_COMMA = YES;
				CLANG_WARN_CONSTANT_CONVERSION = YES;
				CLANG_WARN_DIRECT_OBJC_ISA_USAGE = YES_ERROR;
				CLANG_WARN_DOCUMENTATION_COMMENTS = YES;
				CLANG_WARN_EMPTY_BODY = YES;
				CLANG_WARN_ENUM_CONVERSION = YES;
				CLANG_WARN_INFINITE_RECURSION = YES;
				CLANG_WARN_INT_CONVERSION = YES;
				CLANG_WARN_OBJC_ROOT_CLASS = YES_ERROR;
				CLANG_WARN_RANGE_LOOP_ANALYSIS = YES;
				CLANG_WARN_STRICT_PROTOTYPES = YES;
				CLANG_WARN_SUSPICIOUS_MOVE = YES;
				CLANG_WARN_UNGUARDED_AVAILABILITY = YES_AGGRESSIVE;
				CLANG_WARN_UNREACHABLE_CODE = YES;
				CLANG_WARN__DUPLICATE_METHOD_MATCH = YES;
				CODE_SIGN_IDENTITY = "iPhone Developer";
				COPY_PHASE_STRIP = NO;
				DEBUG_INFORMATION_FORMAT = "dwarf-with-dsym";
				ENABLE_NS_ASSERTIONS = NO;
				ENABLE_STRICT_OBJC_MSGSEND = YES;
				GCC_C_LANGUAGE_STANDARD = gnu11;
				GCC_NO_COMMON_BLOCKS = YES;
				GCC_WARN_64_TO_32_BIT_CONVERSION = YES;
				GCC_WARN_ABOUT_RETURN_TYPE = YES_ERROR;
				GCC_WARN_UNDECLARED_SELECTOR = YES;
				GCC_WARN_UNINITIALIZED_AUTOS = YES_AGGRESSIVE;
				GCC_WARN_UNUSED_FUNCTION = YES;
				GCC_WARN_UNUSED_VARIABLE = YES;
				IPHONEOS_DEPLOYMENT_TARGET = 11.0;
				MTL_ENABLE_DEBUG_INFO = NO;
				SDKROOT = iphoneos;
				SWIFT_OPTIMIZATION_LEVEL = "-Owholemodule";
				VALIDATE_PRODUCT = YES;
			};
			name = Release;
		};
		7D3424AE1F0C672A00A60531 /* Debug */ = {
			isa = XCBuildConfiguration;
			buildSettings = {
				ASSETCATALOG_COMPILER_APPICON_NAME = AppIcon;
				DEVELOPMENT_TEAM = 2HBB3G8HCG;
				INFOPLIST_FILE = TNHTimer/Info.plist;
				IPHONEOS_DEPLOYMENT_TARGET = 9.0;
				LD_RUNPATH_SEARCH_PATHS = "$(inherited) @executable_path/Frameworks";
				PRODUCT_BUNDLE_IDENTIFIER = com.borkware.TNHTimer;
				PRODUCT_NAME = "$(TARGET_NAME)";
				SWIFT_VERSION = 4.0;
				TARGETED_DEVICE_FAMILY = "1,2";
			};
			name = Debug;
		};
		7D3424AF1F0C672A00A60531 /* Release */ = {
			isa = XCBuildConfiguration;
			buildSettings = {
				ASSETCATALOG_COMPILER_APPICON_NAME = AppIcon;
				DEVELOPMENT_TEAM = 2HBB3G8HCG;
				INFOPLIST_FILE = TNHTimer/Info.plist;
				IPHONEOS_DEPLOYMENT_TARGET = 9.0;
				LD_RUNPATH_SEARCH_PATHS = "$(inherited) @executable_path/Frameworks";
				PRODUCT_BUNDLE_IDENTIFIER = com.borkware.TNHTimer;
				PRODUCT_NAME = "$(TARGET_NAME)";
				SWIFT_VERSION = 4.0;
				TARGETED_DEVICE_FAMILY = "1,2";
			};
			name = Release;
		};
		7D3424B11F0C672A00A60531 /* Debug */ = {
			isa = XCBuildConfiguration;
			buildSettings = {
				ALWAYS_EMBED_SWIFT_STANDARD_LIBRARIES = YES;
				BUNDLE_LOADER = "$(TEST_HOST)";
				DEVELOPMENT_TEAM = 2HBB3G8HCG;
				INFOPLIST_FILE = TNHTimerTests/Info.plist;
				LD_RUNPATH_SEARCH_PATHS = "$(inherited) @executable_path/Frameworks @loader_path/Frameworks";
				PRODUCT_BUNDLE_IDENTIFIER = com.borkware.TNHTimerTests;
				PRODUCT_NAME = "$(TARGET_NAME)";
				SWIFT_VERSION = 4.0;
				TARGETED_DEVICE_FAMILY = "1,2";
				TEST_HOST = "$(BUILT_PRODUCTS_DIR)/TNHTimer.app/TNHTimer";
			};
			name = Debug;
		};
		7D3424B21F0C672A00A60531 /* Release */ = {
			isa = XCBuildConfiguration;
			buildSettings = {
				ALWAYS_EMBED_SWIFT_STANDARD_LIBRARIES = YES;
				BUNDLE_LOADER = "$(TEST_HOST)";
				DEVELOPMENT_TEAM = 2HBB3G8HCG;
				INFOPLIST_FILE = TNHTimerTests/Info.plist;
				LD_RUNPATH_SEARCH_PATHS = "$(inherited) @executable_path/Frameworks @loader_path/Frameworks";
				PRODUCT_BUNDLE_IDENTIFIER = com.borkware.TNHTimerTests;
				PRODUCT_NAME = "$(TARGET_NAME)";
				SWIFT_VERSION = 4.0;
				TARGETED_DEVICE_FAMILY = "1,2";
				TEST_HOST = "$(BUILT_PRODUCTS_DIR)/TNHTimer.app/TNHTimer";
			};
			name = Release;
		};
		7D3424B41F0C672A00A60531 /* Debug */ = {
			isa = XCBuildConfiguration;
			buildSettings = {
				ALWAYS_EMBED_SWIFT_STANDARD_LIBRARIES = YES;
				DEVELOPMENT_TEAM = 2HBB3G8HCG;
				INFOPLIST_FILE = TNHTimerUITests/Info.plist;
				LD_RUNPATH_SEARCH_PATHS = "$(inherited) @executable_path/Frameworks @loader_path/Frameworks";
				PRODUCT_BUNDLE_IDENTIFIER = com.borkware.TNHTimerUITests;
				PRODUCT_NAME = "$(TARGET_NAME)";
				SWIFT_VERSION = 4.0;
				TARGETED_DEVICE_FAMILY = "1,2";
				TEST_TARGET_NAME = TNHTimer;
			};
			name = Debug;
		};
		7D3424B51F0C672A00A60531 /* Release */ = {
			isa = XCBuildConfiguration;
			buildSettings = {
				ALWAYS_EMBED_SWIFT_STANDARD_LIBRARIES = YES;
				DEVELOPMENT_TEAM = 2HBB3G8HCG;
				INFOPLIST_FILE = TNHTimerUITests/Info.plist;
				LD_RUNPATH_SEARCH_PATHS = "$(inherited) @executable_path/Frameworks @loader_path/Frameworks";
				PRODUCT_BUNDLE_IDENTIFIER = com.borkware.TNHTimerUITests;
				PRODUCT_NAME = "$(TARGET_NAME)";
				SWIFT_VERSION = 4.0;
				TARGETED_DEVICE_FAMILY = "1,2";
				TEST_TARGET_NAME = TNHTimer;
			};
			name = Release;
		};
/* End XCBuildConfiguration section */

/* Begin XCConfigurationList section */
		7D3424801F0C672A00A60531 /* Build configuration list for PBXProject "TNHTimer" */ = {
			isa = XCConfigurationList;
			buildConfigurations = (
				7D3424AB1F0C672A00A60531 /* Debug */,
				7D3424AC1F0C672A00A60531 /* Release */,
			);
			defaultConfigurationIsVisible = 0;
			defaultConfigurationName = Release;
		};
		7D3424AD1F0C672A00A60531 /* Build configuration list for PBXNativeTarget "TNHTimer" */ = {
			isa = XCConfigurationList;
			buildConfigurations = (
				7D3424AE1F0C672A00A60531 /* Debug */,
				7D3424AF1F0C672A00A60531 /* Release */,
			);
			defaultConfigurationIsVisible = 0;
			defaultConfigurationName = Release;
		};
		7D3424B01F0C672A00A60531 /* Build configuration list for PBXNativeTarget "TNHTimerTests" */ = {
			isa = XCConfigurationList;
			buildConfigurations = (
				7D3424B11F0C672A00A60531 /* Debug */,
				7D3424B21F0C672A00A60531 /* Release */,
			);
			defaultConfigurationIsVisible = 0;
			defaultConfigurationName = Release;
		};
		7D3424B31F0C672A00A60531 /* Build configuration list for PBXNativeTarget "TNHTimerUITests" */ = {
			isa = XCConfigurationList;
			buildConfigurations = (
				7D3424B41F0C672A00A60531 /* Debug */,
				7D3424B51F0C672A00A60531 /* Release */,
			);
			defaultConfigurationIsVisible = 0;
			defaultConfigurationName = Release;
		};
/* End XCConfigurationList section */
	};
	rootObject = 7D34247D1F0C672A00A60531 /* Project object */;
}
